code.carverauto.dev/carverauto/serviceradar-sdk-go v0.2.1-0.20260609040135-0c54267c220c h1:7+Fom2SFmKxZQ0ZVV/Duw7YRUyrkZEG/PWuENBX4Ciw=
code.carverauto.dev/carverauto/serviceradar-sdk-go v0.2.1-0.20260609040135-0c54267c220c/go.mod h1:ViDN9B+R5Qper/dwv6x4p2PCL2TdEzJ+f3LcafcSmaY=
github.com/gorilla/websocket v1.5.4-0.20250319132907-e064f32e3674 h1:JeSE6pjso5THxAzdVpqr6/geYxZytqFMBCOtn/ujyeo=
github.com/gorilla/websocket v1.5.4-0.20250319132907-e064f32e3674/go.mod h1:r4w70xmWCQKmi1ONH4KIaBptdivuRPyosB9RmPlGEwA=
golang.org/x/net v0.38.0 h1:vRMAPTMaeGqVhG5QyLJHqNDwecKTomGeqbnfZyKlBI8=
golang.org/x/net v0.38.0/go.mod h1:ivrbrMbzFq5J41QOQh0siUuly180yBYtLp+CKbEaFx8=
