{
  "name": "@carverauto/create-dashboard",
  "version": "0.1.0",
  "lockfileVersion": 3,
  "requires": true,
  "packages": {
    "": {
      "name": "@carverauto/create-dashboard",
      "version": "0.1.0",
      "license": "UNLICENSED",
      "dependencies": {
        "@carverauto/serviceradar-cli": "file:../cli"
      },
      "bin": {
        "create-dashboard": "bin/create.js"
      },
      "engines": {
        "node": ">=20"
      }
    },
    "../cli": {
      "name": "@carverauto/serviceradar-cli",
      "version": "0.1.0",
      "license": "UNLICENSED",
      "dependencies": {
        "@vitejs/plugin-react": "^5.0.4",
        "ajv": "^8.17.1",
        "vite": "^7.1.12"
      },
      "bin": {
        "serviceradar-cli": "bin/serviceradar-cli.js",
        "serviceradar-dashboard": "bin/serviceradar-dashboard.js"
      },
      "devDependencies": {
        "@types/node": "^22.0.0",
        "typescript": "^5.4.0"
      },
      "engines": {
        "node": ">=20"
      }
    },
    "node_modules/@carverauto/serviceradar-cli": {
      "resolved": "../cli",
      "link": true
    }
  }
}
