{
  "name": "serviceradar-web-ng-assets",
  "version": "1.0.0",
  "lockfileVersion": 3,
  "requires": true,
  "packages": {
    "": {
      "dependencies": {
        "phoenix": "^1.8.9"
      }
    },
    "node_modules/phoenix": {
      "version": "1.8.9",
      "resolved": "https://registry.npmjs.org/phoenix/-/phoenix-1.8.9.tgz",
      "integrity": "sha512-/2qzAZB3P2s08fFAYaG65lqaNFmVXUSlXdY4/JDdDKIC81y2cFWkPwI8gycy4VLpv197JwZ5PpBf3VhoG32yGA==",
      "license": "MIT"
    }
  }
}
