%{
  "boundary": {:hex, :boundary, "0.10.4", "5fec5d2736c12f9bfe1720c3a2bd8c48c3547c24d6002ebf8e087570afd5bd2f", [:mix], [], "hexpm", "8baf6f23987afdb1483033ed0bde75c9c703613c22ed58d5f23bf948f203247c"},
  "bunt": {:hex, :bunt, "1.0.0", "081c2c665f086849e6d57900292b3a161727ab40431219529f13c4ddcf3e7a44", [:mix], [], "hexpm", "dc5f86aa08a5f6fa6b8096f0735c4e76d54ae5c9fa2c143e5a1fc7c1cd9bb6b5"},
  "credo": {:hex, :credo, "1.7.17", "f92b6aa5b26301eaa5a35e4d48ebf5aa1e7094ac00ae38f87086c562caf8a22f", [:mix], [{:bunt, "~> 0.2.1 or ~> 1.0", [hex: :bunt, repo: "hexpm", optional: false]}, {:file_system, "~> 0.2 or ~> 1.0", [hex: :file_system, repo: "hexpm", optional: false]}, {:jason, "~> 1.0", [hex: :jason, repo: "hexpm", optional: false]}], "hexpm", "1eb5645c835f0b6c9b5410f94b5a185057bcf6d62a9c2b476da971cde8749645"},
  "dialyxir": {:hex, :dialyxir, "1.4.7", "dda948fcee52962e4b6c5b4b16b2d8fa7d50d8645bbae8b8685c3f9ecb7f5f4d", [:mix], [{:erlex, ">= 0.2.8", [hex: :erlex, repo: "hexpm", optional: false]}], "hexpm", "b34527202e6eb8cee198efec110996c25c5898f43a4094df157f8d28f27d9efe"},
  "erlex": {:hex, :erlex, "0.2.8", "cd8116f20f3c0afe376d1e8d1f0ae2452337729f68be016ea544a72f767d9c12", [:mix], [], "hexpm", "9d66ff9fedf69e49dc3fd12831e12a8a37b76f8651dd21cd45fcf5561a8a7590"},
  "ex_dna": {:hex, :ex_dna, "1.3.0", "2ceea405cd1b2b799060b8c1b24e56a468126f8528bb137f1df617cf36d7ed75", [:mix], [{:gen_lsp, "~> 0.11", [hex: :gen_lsp, repo: "hexpm", optional: true]}, {:jason, "~> 1.0", [hex: :jason, repo: "hexpm", optional: false]}], "hexpm", "a6908c4c146aeacb7dad03b664cc2722809e6ecc1b31155df6f37f25687204bb"},
  "ex_slop": {:hex, :ex_slop, "0.2.0", "28ee70d62975636242dabf47d24e247acfbfdffd9c7cdc5a0d1c396aa42b421d", [:mix], [{:credo, "~> 1.7", [hex: :credo, repo: "hexpm", optional: false]}], "hexpm", "da8ccad55b61eebf7972fee1ab723f5227e58ed052ea09be4f9fe315c5e89cc2"},
  "file_system": {:hex, :file_system, "1.1.1", "31864f4685b0148f25bd3fbef2b1228457c0c89024ad67f7a81a3ffbc0bbad3a", [:mix], [], "hexpm", "7a15ff97dfe526aeefb090a7a9d3d03aa907e100e262a0f8f7746b78f8f87a5d"},
  "jason": {:hex, :jason, "1.4.4", "b9226785a9aa77b6857ca22832cffa5d5011a667207eb2a0ad56adb5db443b8a", [:mix], [{:decimal, "~> 1.0 or ~> 2.0", [hex: :decimal, repo: "hexpm", optional: true]}], "hexpm", "c5eb0cab91f094599f94d55bc63409236a8ec69a21a67814529e8d5f6cc90b3b"},
  "jump_credo_checks": {:hex, :jump_credo_checks, "0.1.0", "8ff038eb868d36bfce6b47916619c68df99ea802adae2a95702b59463120ebb1", [:mix], [{:credo, "~> 1.7", [hex: :credo, repo: "hexpm", optional: false]}], "hexpm", "bb76a8bff31a1f42289a9ba03f4f5666e6ae061168f6f13280550ad072851a1f"},
  "mix_audit": {:hex, :mix_audit, "2.1.5", "c0f77cee6b4ef9d97e37772359a187a166c7a1e0e08b50edf5bf6959dfe5a016", [:make, :mix], [{:jason, "~> 1.4", [hex: :jason, repo: "hexpm", optional: false]}, {:yaml_elixir, "~> 2.11", [hex: :yaml_elixir, repo: "hexpm", optional: false]}], "hexpm", "87f9298e21da32f697af535475860dc1d3617a010e0b418d2ec6142bc8b42d69"},
  "rustler": {:hex, :rustler, "0.37.1", "721434020c7f6f8e1cdc57f44f75c490435b01de96384f8ccb96043f12e8a7e0", [:mix], [{:jason, "~> 1.0", [hex: :jason, repo: "hexpm", optional: false]}], "hexpm", "24547e9b8640cf00e6a2071acb710f3e12ce0346692e45098d84d45cdb54fd79"},
  "styler": {:hex, :styler, "1.11.0", "35010d970689a23c2bcc8e97bd8bf7d20e3561d60c49be84654df5c37d051a9c", [:mix], [], "hexpm", "70f36165d0cf238a32b7a456fdef6a9c72e77e657d7ac4a0ace33aeba3f2b8c0"},
  "yamerl": {:hex, :yamerl, "0.10.0", "4ff81fee2f1f6a46f1700c0d880b24d193ddb74bd14ef42cb0bcf46e81ef2f8e", [:rebar3], [], "hexpm", "346adb2963f1051dc837a2364e4acf6eb7d80097c0f53cbdc3046ec8ec4b4e6e"},
  "yaml_elixir": {:hex, :yaml_elixir, "2.12.0", "30343ff5018637a64b1b7de1ed2a3ca03bc641410c1f311a4dbdc1ffbbf449c7", [:mix], [{:yamerl, "~> 0.10", [hex: :yamerl, repo: "hexpm", optional: false]}], "hexpm", "ca6bacae7bac917a7155dca0ab6149088aa7bc800c94d0fe18c5238f53b313c6"},
}
