code.carverauto.dev/carverauto/serviceradar-sdk-go v0.2.1-0.20260517005739-f7785406ce5d h1:ow7Hkr2e7tzB02aK1ALRkuSk8jmiu2xYt8RuLhvKYs8=
code.carverauto.dev/carverauto/serviceradar-sdk-go v0.2.1-0.20260517005739-f7785406ce5d/go.mod h1:ViDN9B+R5Qper/dwv6x4p2PCL2TdEzJ+f3LcafcSmaY=
code.carverauto.dev/carverauto/serviceradar-sdk-go v0.2.1-0.20260517030458-89118d4cff7a h1:zKbEcwacL/GybdKU6yAbd3Kv/2/iERdVv7ZfPd50NGc=
code.carverauto.dev/carverauto/serviceradar-sdk-go v0.2.1-0.20260517030458-89118d4cff7a/go.mod h1:ViDN9B+R5Qper/dwv6x4p2PCL2TdEzJ+f3LcafcSmaY=
