code.carverauto.dev/carverauto/serviceradar-sdk-go v0.2.1-0.20260501203535-0b5ff3654e17 h1:eeyj9tP9QtugtC0F6RKnLO+5ITrM/7KLXxtLEeytjA4=
code.carverauto.dev/carverauto/serviceradar-sdk-go v0.2.1-0.20260501203535-0b5ff3654e17/go.mod h1:ViDN9B+R5Qper/dwv6x4p2PCL2TdEzJ+f3LcafcSmaY=
code.carverauto.dev/carverauto/serviceradar-sdk-go v0.2.1-0.20260516072939-92df9bfa58f2 h1:8Ssu36pqpgiWdPtsj/0hbjUp73nmkMQVvCW4+4bUPUU=
code.carverauto.dev/carverauto/serviceradar-sdk-go v0.2.1-0.20260516072939-92df9bfa58f2/go.mod h1:ViDN9B+R5Qper/dwv6x4p2PCL2TdEzJ+f3LcafcSmaY=
